
Microsoft Visual Studio Solution File, Format Version 12.00
# Visual Studio Version 16
VisualStudioVersion = 16.0.30204.135
MinimumVisualStudioVersion = 10.0.40219.1
Project("{9A19103F-16F7-4668-BE54-9A1E7A4F7556}") = "Homework1", "src\Homework1\Homework1.csproj", "{BACAFDCA-C196-4BFC-91FD-63A02B7AC7C6}"
EndProject
Global
	GlobalSection(SolutionConfigurationPlatforms) = preSolution
		Debug|Any CPU = Debug|Any CPU
		Release|Any CPU = Release|Any CPU
	EndGlobalSection
	GlobalSection(ProjectConfigurationPlatforms) = postSolution
		{BACAFDCA-C196-4BFC-91FD-63A02B7AC7C6}.Debug|Any CPU.ActiveCfg = Debug|Any CPU
		{BACAFDCA-C196-4BFC-91FD-63A02B7AC7C6}.Debug|Any CPU.Build.0 = Debug|Any CPU
		{BACAFDCA-C196-4BFC-91FD-63A02B7AC7C6}.Release|Any CPU.ActiveCfg = Release|Any CPU
		{BACAFDCA-C196-4BFC-91FD-63A02B7AC7C6}.Release|Any CPU.Build.0 = Release|Any CPU
	EndGlobalSection
	GlobalSection(SolutionProperties) = preSolution
		HideSolutionNode = FALSE
	EndGlobalSection
	GlobalSection(ExtensibilityGlobals) = postSolution
		SolutionGuid = {45F65AF2-5C86-47D5-892E-7EBBAF8EB6C1}
	EndGlobalSection
EndGlobal
